
Microsoft Visual Studio Solution File, Format Version 12.00
# Visual Studio Version 17
VisualStudioVersion = 17.5.33424.131
MinimumVisualStudioVersion = 10.0.40219.1
Project("{FAE04EC0-301F-11D3-BF4B-00C04F79EFBC}") = "DapperApi", "DapperApi\DapperApi.csproj", "{06A2ED38-D0F1-4968-ABB6-7A45A23499E8}"
EndProject
Global
	GlobalSection(SolutionConfigurationPlatforms) = preSolution
		Debug|Any CPU = Debug|Any CPU
		Release|Any CPU = Release|Any CPU
	EndGlobalSection
	GlobalSection(ProjectConfigurationPlatforms) = postSolution
		{06A2ED38-D0F1-4968-ABB6-7A45A23499E8}.Debug|Any CPU.ActiveCfg = Debug|Any CPU
		{06A2ED38-D0F1-4968-ABB6-7A45A23499E8}.Debug|Any CPU.Build.0 = Debug|Any CPU
		{06A2ED38-D0F1-4968-ABB6-7A45A23499E8}.Release|Any CPU.ActiveCfg = Release|Any CPU
		{06A2ED38-D0F1-4968-ABB6-7A45A23499E8}.Release|Any CPU.Build.0 = Release|Any CPU
	EndGlobalSection
	GlobalSection(SolutionProperties) = preSolution
		HideSolutionNode = FALSE
	EndGlobalSection
	GlobalSection(ExtensibilityGlobals) = postSolution
		SolutionGuid = {F44D89CD-A955-448A-8E13-6A8A83792C8F}
	EndGlobalSection
EndGlobal
